
Microsoft Visual Studio Solution File, Format Version 12.00
# Visual Studio Version 16
VisualStudioVersion = 16.0.32106.194
MinimumVisualStudioVersion = 10.0.40219.1
Project("{FAE04EC0-301F-11D3-BF4B-00C04F79EFBC}") = "HelloAppTestv4", "HelloAppTestv4\HelloAppTestv4.csproj", "{218FBF94-37C6-4228-B734-6C755E851B7E}"
EndProject
Global
	GlobalSection(SolutionConfigurationPlatforms) = preSolution
		Debug|Any CPU = Debug|Any CPU
		Release|Any CPU = Release|Any CPU
	EndGlobalSection
	GlobalSection(ProjectConfigurationPlatforms) = postSolution
		{218FBF94-37C6-4228-B734-6C755E851B7E}.Debug|Any CPU.ActiveCfg = Debug|Any CPU
		{218FBF94-37C6-4228-B734-6C755E851B7E}.Debug|Any CPU.Build.0 = Debug|Any CPU
		{218FBF94-37C6-4228-B734-6C755E851B7E}.Release|Any CPU.ActiveCfg = Release|Any CPU
		{218FBF94-37C6-4228-B734-6C755E851B7E}.Release|Any CPU.Build.0 = Release|Any CPU
	EndGlobalSection
	GlobalSection(SolutionProperties) = preSolution
		HideSolutionNode = FALSE
	EndGlobalSection
	GlobalSection(ExtensibilityGlobals) = postSolution
		SolutionGuid = {1E84DC05-2B1B-4854-82A4-D0264AFC2AC6}
	EndGlobalSection
EndGlobal
